
Microsoft Visual Studio Solution File, Format Version 12.00
# Visual Studio Version 17
VisualStudioVersion = 17.12.35209.166
MinimumVisualStudioVersion = 10.0.40219.1
Project("{FAE04EC0-301F-11D3-BF4B-00C04F79EFBC}") = "API.STEF.Application", "API.STEF.Application\API.STEF.Application.csproj", "{B3EDA32E-98C9-4313-A218-D454F55B3CB1}"
EndProject
Project("{FAE04EC0-301F-11D3-BF4B-00C04F79EFBC}") = "API.STEF.Domain", "API.STEF.Domain\API.STEF.Domain.csproj", "{653E3D7D-5297-4B0D-84F8-4D2EA3EB747D}"
EndProject
Project("{FAE04EC0-301F-11D3-BF4B-00C04F79EFBC}") = "API.STEF.Data", "API.STEF.Data\API.STEF.Data.csproj", "{2FA5246B-42E0-4F0C-AA2D-385DD576944D}"
EndProject
Project("{FAE04EC0-301F-11D3-BF4B-00C04F79EFBC}") = "API.STEF.Presentation", "API.STEF.Presentation\API.STEF.Presentation.csproj", "{B9329B9F-F9DB-4724-9C9A-059FA6D824AB}"
EndProject
Project("{2150E333-8FDC-42A3-9474-1A3956D46DE8}") = "1 - Presentation", "1 - Presentation", "{B56B4095-124E-42EA-A904-8C2F39443399}"
EndProject
Project("{2150E333-8FDC-42A3-9474-1A3956D46DE8}") = "2 - Application", "2 - Application", "{05BBD05C-8021-4F9A-BA31-4371314DDC15}"
EndProject
Project("{2150E333-8FDC-42A3-9474-1A3956D46DE8}") = "3 - Domain", "3 - Domain", "{60C6E102-7E5B-4F5B-A843-EB79D80B64CC}"
EndProject
Project("{2150E333-8FDC-42A3-9474-1A3956D46DE8}") = "4 - Infrastructure", "4 - Infrastructure", "{855C04A6-8567-4025-9C69-B49499E992CE}"
EndProject
Project("{2150E333-8FDC-42A3-9474-1A3956D46DE8}") = "5 - Tests", "5 - Tests", "{D9867E67-0D71-4750-A872-2CF94529659A}"
EndProject
Project("{FAE04EC0-301F-11D3-BF4B-00C04F79EFBC}") = "API.STEF.Tests", "API.STEF.Tests\API.STEF.Tests.csproj", "{377884B0-8BA0-4647-BADF-BC6941B5D566}"
EndProject
Project("{FAE04EC0-301F-11D3-BF4B-00C04F79EFBC}") = "API.STEF.Ioc", "API.STEF.Ioc\API.STEF.Ioc.csproj", "{47067F51-C5AA-4A42-B487-F2A3E6F1A0BC}"
EndProject
Project("{E53339B2-1760-4266-BCC7-CA923CBCF16C}") = "docker-compose", "docker-compose.dcproj", "{52DA4BDB-4FF1-4094-89B2-7B94E4DED23E}"
EndProject
Global
	GlobalSection(SolutionConfigurationPlatforms) = preSolution
		Debug|Any CPU = Debug|Any CPU
		Release|Any CPU = Release|Any CPU
	EndGlobalSection
	GlobalSection(ProjectConfigurationPlatforms) = postSolution
		{B3EDA32E-98C9-4313-A218-D454F55B3CB1}.Debug|Any CPU.ActiveCfg = Debug|Any CPU
		{B3EDA32E-98C9-4313-A218-D454F55B3CB1}.Debug|Any CPU.Build.0 = Debug|Any CPU
		{B3EDA32E-98C9-4313-A218-D454F55B3CB1}.Release|Any CPU.ActiveCfg = Release|Any CPU
		{B3EDA32E-98C9-4313-A218-D454F55B3CB1}.Release|Any CPU.Build.0 = Release|Any CPU
		{653E3D7D-5297-4B0D-84F8-4D2EA3EB747D}.Debug|Any CPU.ActiveCfg = Debug|Any CPU
		{653E3D7D-5297-4B0D-84F8-4D2EA3EB747D}.Debug|Any CPU.Build.0 = Debug|Any CPU
		{653E3D7D-5297-4B0D-84F8-4D2EA3EB747D}.Release|Any CPU.ActiveCfg = Release|Any CPU
		{653E3D7D-5297-4B0D-84F8-4D2EA3EB747D}.Release|Any CPU.Build.0 = Release|Any CPU
		{2FA5246B-42E0-4F0C-AA2D-385DD576944D}.Debug|Any CPU.ActiveCfg = Debug|Any CPU
		{2FA5246B-42E0-4F0C-AA2D-385DD576944D}.Debug|Any CPU.Build.0 = Debug|Any CPU
		{2FA5246B-42E0-4F0C-AA2D-385DD576944D}.Release|Any CPU.ActiveCfg = Release|Any CPU
		{2FA5246B-42E0-4F0C-AA2D-385DD576944D}.Release|Any CPU.Build.0 = Release|Any CPU
		{B9329B9F-F9DB-4724-9C9A-059FA6D824AB}.Debug|Any CPU.ActiveCfg = Debug|Any CPU
		{B9329B9F-F9DB-4724-9C9A-059FA6D824AB}.Debug|Any CPU.Build.0 = Debug|Any CPU
		{B9329B9F-F9DB-4724-9C9A-059FA6D824AB}.Release|Any CPU.ActiveCfg = Release|Any CPU
		{B9329B9F-F9DB-4724-9C9A-059FA6D824AB}.Release|Any CPU.Build.0 = Release|Any CPU
		{377884B0-8BA0-4647-BADF-BC6941B5D566}.Debug|Any CPU.ActiveCfg = Debug|Any CPU
		{377884B0-8BA0-4647-BADF-BC6941B5D566}.Debug|Any CPU.Build.0 = Debug|Any CPU
		{377884B0-8BA0-4647-BADF-BC6941B5D566}.Release|Any CPU.ActiveCfg = Release|Any CPU
		{377884B0-8BA0-4647-BADF-BC6941B5D566}.Release|Any CPU.Build.0 = Release|Any CPU
		{47067F51-C5AA-4A42-B487-F2A3E6F1A0BC}.Debug|Any CPU.ActiveCfg = Debug|Any CPU
		{47067F51-C5AA-4A42-B487-F2A3E6F1A0BC}.Debug|Any CPU.Build.0 = Debug|Any CPU
		{47067F51-C5AA-4A42-B487-F2A3E6F1A0BC}.Release|Any CPU.ActiveCfg = Release|Any CPU
		{47067F51-C5AA-4A42-B487-F2A3E6F1A0BC}.Release|Any CPU.Build.0 = Release|Any CPU
		{52DA4BDB-4FF1-4094-89B2-7B94E4DED23E}.Debug|Any CPU.ActiveCfg = Debug|Any CPU
		{52DA4BDB-4FF1-4094-89B2-7B94E4DED23E}.Debug|Any CPU.Build.0 = Debug|Any CPU
		{52DA4BDB-4FF1-4094-89B2-7B94E4DED23E}.Release|Any CPU.ActiveCfg = Release|Any CPU
		{52DA4BDB-4FF1-4094-89B2-7B94E4DED23E}.Release|Any CPU.Build.0 = Release|Any CPU
	EndGlobalSection
	GlobalSection(SolutionProperties) = preSolution
		HideSolutionNode = FALSE
	EndGlobalSection
	GlobalSection(NestedProjects) = preSolution
		{B3EDA32E-98C9-4313-A218-D454F55B3CB1} = {05BBD05C-8021-4F9A-BA31-4371314DDC15}
		{653E3D7D-5297-4B0D-84F8-4D2EA3EB747D} = {60C6E102-7E5B-4F5B-A843-EB79D80B64CC}
		{2FA5246B-42E0-4F0C-AA2D-385DD576944D} = {855C04A6-8567-4025-9C69-B49499E992CE}
		{B9329B9F-F9DB-4724-9C9A-059FA6D824AB} = {B56B4095-124E-42EA-A904-8C2F39443399}
		{377884B0-8BA0-4647-BADF-BC6941B5D566} = {D9867E67-0D71-4750-A872-2CF94529659A}
		{47067F51-C5AA-4A42-B487-F2A3E6F1A0BC} = {855C04A6-8567-4025-9C69-B49499E992CE}
	EndGlobalSection
	GlobalSection(ExtensibilityGlobals) = postSolution
		SolutionGuid = {FAAE4AC1-D587-4363-BB0F-BB98DA39FA2B}
	EndGlobalSection
EndGlobal
